
Microsoft Visual Studio Solution File, Format Version 12.00
# Visual Studio 15
VisualStudioVersion = 15.0.28307.757
MinimumVisualStudioVersion = 10.0.40219.1
Project("{FAE04EC0-301F-11D3-BF4B-00C04F79EFBC}") = "1_TypyGeneryczne", "1_TypyGeneryczne\1_TypyGeneryczne.csproj", "{78EEF4E5-6D47-440A-9A0D-77979C2A0EA4}"
EndProject
Project("{FAE04EC0-301F-11D3-BF4B-00C04F79EFBC}") = "2_KolekcjeGeneryczne", "2_KolekcjeGeneryczne\2_KolekcjeGeneryczne.csproj", "{6D3EBB66-B693-41CF-9A2A-4E6BD69E1C9C}"
EndProject
Project("{FAE04EC0-301F-11D3-BF4B-00C04F79EFBC}") = "1_TypyGeneryczneTest", "1_TypyGeneryczneTest\1_TypyGeneryczneTest.csproj", "{04E4CC00-9968-468C-8482-E5E3093B9CE4}"
EndProject
Project("{FAE04EC0-301F-11D3-BF4B-00C04F79EFBC}") = "2 Kolekcje Generyczne Test", "2 Kolekcje Generyczne Test\2 Kolekcje Generyczne Test.csproj", "{0CED5C8E-2110-4F74-9D6F-323E150E4E96}"
EndProject
Project("{FAE04EC0-301F-11D3-BF4B-00C04F79EFBC}") = "3_KlasyIInterfejsyGeneryczne", "KlasyIInterfejsyGeneryczne\3_KlasyIInterfejsyGeneryczne.csproj", "{29FB8FF4-3230-4C76-B5A7-DB98DEF3C815}"
EndProject
Global
	GlobalSection(SolutionConfigurationPlatforms) = preSolution
		Debug|Any CPU = Debug|Any CPU
		Release|Any CPU = Release|Any CPU
	EndGlobalSection
	GlobalSection(ProjectConfigurationPlatforms) = postSolution
		{78EEF4E5-6D47-440A-9A0D-77979C2A0EA4}.Debug|Any CPU.ActiveCfg = Debug|Any CPU
		{78EEF4E5-6D47-440A-9A0D-77979C2A0EA4}.Debug|Any CPU.Build.0 = Debug|Any CPU
		{78EEF4E5-6D47-440A-9A0D-77979C2A0EA4}.Release|Any CPU.ActiveCfg = Release|Any CPU
		{78EEF4E5-6D47-440A-9A0D-77979C2A0EA4}.Release|Any CPU.Build.0 = Release|Any CPU
		{6D3EBB66-B693-41CF-9A2A-4E6BD69E1C9C}.Debug|Any CPU.ActiveCfg = Debug|Any CPU
		{6D3EBB66-B693-41CF-9A2A-4E6BD69E1C9C}.Debug|Any CPU.Build.0 = Debug|Any CPU
		{6D3EBB66-B693-41CF-9A2A-4E6BD69E1C9C}.Release|Any CPU.ActiveCfg = Release|Any CPU
		{6D3EBB66-B693-41CF-9A2A-4E6BD69E1C9C}.Release|Any CPU.Build.0 = Release|Any CPU
		{04E4CC00-9968-468C-8482-E5E3093B9CE4}.Debug|Any CPU.ActiveCfg = Debug|Any CPU
		{04E4CC00-9968-468C-8482-E5E3093B9CE4}.Debug|Any CPU.Build.0 = Debug|Any CPU
		{04E4CC00-9968-468C-8482-E5E3093B9CE4}.Release|Any CPU.ActiveCfg = Release|Any CPU
		{04E4CC00-9968-468C-8482-E5E3093B9CE4}.Release|Any CPU.Build.0 = Release|Any CPU
		{0CED5C8E-2110-4F74-9D6F-323E150E4E96}.Debug|Any CPU.ActiveCfg = Debug|Any CPU
		{0CED5C8E-2110-4F74-9D6F-323E150E4E96}.Debug|Any CPU.Build.0 = Debug|Any CPU
		{0CED5C8E-2110-4F74-9D6F-323E150E4E96}.Release|Any CPU.ActiveCfg = Release|Any CPU
		{0CED5C8E-2110-4F74-9D6F-323E150E4E96}.Release|Any CPU.Build.0 = Release|Any CPU
		{29FB8FF4-3230-4C76-B5A7-DB98DEF3C815}.Debug|Any CPU.ActiveCfg = Debug|Any CPU
		{29FB8FF4-3230-4C76-B5A7-DB98DEF3C815}.Debug|Any CPU.Build.0 = Debug|Any CPU
		{29FB8FF4-3230-4C76-B5A7-DB98DEF3C815}.Release|Any CPU.ActiveCfg = Release|Any CPU
		{29FB8FF4-3230-4C76-B5A7-DB98DEF3C815}.Release|Any CPU.Build.0 = Release|Any CPU
	EndGlobalSection
	GlobalSection(SolutionProperties) = preSolution
		HideSolutionNode = FALSE
	EndGlobalSection
	GlobalSection(ExtensibilityGlobals) = postSolution
		SolutionGuid = {868592BB-6D5E-4F5D-AC15-76C2EE8B2A05}
	EndGlobalSection
EndGlobal
